
Microsoft Visual Studio Solution File, Format Version 12.00
# Visual Studio 14
VisualStudioVersion = 14.0.24720.0
MinimumVisualStudioVersion = 10.0.40219.1
Project("{FAE04EC0-301F-11D3-BF4B-00C04F79EFBC}") = "Dashboard", "Dashboard\Dashboard.csproj", "{FBCAAFD5-6E97-4E04-B8D2-4672A1B05AAD}"
EndProject
Project("{2150E333-8FDC-42A3-9474-1A3956D46DE8}") = "PublishScripts", "PublishScripts", "{FF8EAC74-6811-4B3E-94D2-F0DC4E0799DE}"
EndProject
Project("{2150E333-8FDC-42A3-9474-1A3956D46DE8}") = "Scripts", "Scripts", "{97540D1F-F717-4EFD-AB9C-FDCCD90E4E74}"
	ProjectSection(SolutionItems) = preProject
		PublishScripts\Scripts\Deploy-AzureResourceGroup.ps1 = PublishScripts\Scripts\Deploy-AzureResourceGroup.ps1
	EndProjectSection
EndProject
Project("{2150E333-8FDC-42A3-9474-1A3956D46DE8}") = "Templates", "Templates", "{99004841-BAB1-4E85-8ABE-5018309B7292}"
	ProjectSection(SolutionItems) = preProject
		PublishScripts\Templates\Dashboard.json = PublishScripts\Templates\Dashboard.json
		PublishScripts\Templates\Dashboard.param.dev.json = PublishScripts\Templates\Dashboard.param.dev.json
	EndProjectSection
EndProject
Global
	GlobalSection(SolutionConfigurationPlatforms) = preSolution
		Debug|Any CPU = Debug|Any CPU
		Release|Any CPU = Release|Any CPU
	EndGlobalSection
	GlobalSection(ProjectConfigurationPlatforms) = postSolution
		{FBCAAFD5-6E97-4E04-B8D2-4672A1B05AAD}.Debug|Any CPU.ActiveCfg = Debug|Any CPU
		{FBCAAFD5-6E97-4E04-B8D2-4672A1B05AAD}.Debug|Any CPU.Build.0 = Debug|Any CPU
		{FBCAAFD5-6E97-4E04-B8D2-4672A1B05AAD}.Release|Any CPU.ActiveCfg = Release|Any CPU
		{FBCAAFD5-6E97-4E04-B8D2-4672A1B05AAD}.Release|Any CPU.Build.0 = Release|Any CPU
	EndGlobalSection
	GlobalSection(SolutionProperties) = preSolution
		HideSolutionNode = FALSE
	EndGlobalSection
	GlobalSection(NestedProjects) = preSolution
		{97540D1F-F717-4EFD-AB9C-FDCCD90E4E74} = {FF8EAC74-6811-4B3E-94D2-F0DC4E0799DE}
		{99004841-BAB1-4E85-8ABE-5018309B7292} = {FF8EAC74-6811-4B3E-94D2-F0DC4E0799DE}
	EndGlobalSection
EndGlobal
