
Microsoft Visual Studio Solution File, Format Version 12.00
# Visual Studio Version 16
VisualStudioVersion = 16.0.28809.33
MinimumVisualStudioVersion = 10.0.40219.1
Project("{FAE04EC0-301F-11D3-BF4B-00C04F79EFBC}") = "QueryFun", "QueryFun\QueryFun.csproj", "{9B02E221-4147-4F1D-9069-8DE6C21C1A8A}"
EndProject
Project("{FAE04EC0-301F-11D3-BF4B-00C04F79EFBC}") = "Query.Util", "Query.Util\Query.Util.csproj", "{DB9F4715-119C-4E91-90AD-3489E8975A61}"
EndProject
Global
	GlobalSection(SolutionConfigurationPlatforms) = preSolution
		Debug|Any CPU = Debug|Any CPU
		Release|Any CPU = Release|Any CPU
	EndGlobalSection
	GlobalSection(ProjectConfigurationPlatforms) = postSolution
		{9B02E221-4147-4F1D-9069-8DE6C21C1A8A}.Debug|Any CPU.ActiveCfg = Debug|Any CPU
		{9B02E221-4147-4F1D-9069-8DE6C21C1A8A}.Debug|Any CPU.Build.0 = Debug|Any CPU
		{9B02E221-4147-4F1D-9069-8DE6C21C1A8A}.Release|Any CPU.ActiveCfg = Release|Any CPU
		{9B02E221-4147-4F1D-9069-8DE6C21C1A8A}.Release|Any CPU.Build.0 = Release|Any CPU
		{DB9F4715-119C-4E91-90AD-3489E8975A61}.Debug|Any CPU.ActiveCfg = Debug|Any CPU
		{DB9F4715-119C-4E91-90AD-3489E8975A61}.Debug|Any CPU.Build.0 = Debug|Any CPU
		{DB9F4715-119C-4E91-90AD-3489E8975A61}.Release|Any CPU.ActiveCfg = Release|Any CPU
		{DB9F4715-119C-4E91-90AD-3489E8975A61}.Release|Any CPU.Build.0 = Release|Any CPU
	EndGlobalSection
	GlobalSection(SolutionProperties) = preSolution
		HideSolutionNode = FALSE
	EndGlobalSection
	GlobalSection(ExtensibilityGlobals) = postSolution
		SolutionGuid = {7F9818BE-7A59-4891-90D8-85A700341BEF}
	EndGlobalSection
EndGlobal
